
Microsoft Visual Studio Solution File, Format Version 12.00
# Visual Studio Version 17
VisualStudioVersion = 17.14.36301.6 d17.14
MinimumVisualStudioVersion = 10.0.40219.1
Project("{FAE04EC0-301F-11D3-BF4B-00C04F79EFBC}") = "SqlSalary", "SqlSalary\SqlSalary.csproj", "{8CE3309C-A9E7-4BBD-932C-722424A76823}"
EndProject
Global
	GlobalSection(SolutionConfigurationPlatforms) = preSolution
		Debug|Any CPU = Debug|Any CPU
		Release|Any CPU = Release|Any CPU
	EndGlobalSection
	GlobalSection(ProjectConfigurationPlatforms) = postSolution
		{8CE3309C-A9E7-4BBD-932C-722424A76823}.Debug|Any CPU.ActiveCfg = Debug|Any CPU
		{8CE3309C-A9E7-4BBD-932C-722424A76823}.Debug|Any CPU.Build.0 = Debug|Any CPU
		{8CE3309C-A9E7-4BBD-932C-722424A76823}.Release|Any CPU.ActiveCfg = Release|Any CPU
		{8CE3309C-A9E7-4BBD-932C-722424A76823}.Release|Any CPU.Build.0 = Release|Any CPU
	EndGlobalSection
	GlobalSection(SolutionProperties) = preSolution
		HideSolutionNode = FALSE
	EndGlobalSection
	GlobalSection(ExtensibilityGlobals) = postSolution
		SolutionGuid = {E31DB7FD-0AE4-43EE-B99E-2E4C8266275D}
	EndGlobalSection
EndGlobal
